
Microsoft Visual Studio Solution File, Format Version 12.00
# Visual Studio 15
VisualStudioVersion = 15.0.27428.2043
MinimumVisualStudioVersion = 10.0.40219.1
Project("{FAE04EC0-301F-11D3-BF4B-00C04F79EFBC}") = "BoboTech.EncyclopaediaMetallumViewer", "BoboTech.EncyclopaediaMetallumViewer\BoboTech.EncyclopaediaMetallumViewer.csproj", "{D33739B7-87D2-4C42-A63A-1F4EB327249D}"
EndProject
Project("{FAE04EC0-301F-11D3-BF4B-00C04F79EFBC}") = "BoboTech.EncyclopaediaMetallumViewer.UILogic", "BoboTech.EncyclopaediaMetallumViewer.UILogic\BoboTech.EncyclopaediaMetallumViewer.UILogic.csproj", "{0696B19F-C190-4666-9040-2F27938FC177}"
EndProject
Project("{FAE04EC0-301F-11D3-BF4B-00C04F79EFBC}") = "BoboTech.EncyclopaediaMetallumViewer.Common", "BoboTech.EncyclopaediaMetallumViewer.Common\BoboTech.EncyclopaediaMetallumViewer.Common.csproj", "{759A2F37-0992-4FC6-B0E0-3F2250133B7C}"
EndProject
Project("{FAE04EC0-301F-11D3-BF4B-00C04F79EFBC}") = "BoboTech.EncyclopaediaMetallumViewer.Models", "BoboTech.EncyclopaediaMetallumViewer.Models\BoboTech.EncyclopaediaMetallumViewer.Models.csproj", "{A199E84A-FAFB-4282-A5BA-0701A974334A}"
EndProject
Project("{FAE04EC0-301F-11D3-BF4B-00C04F79EFBC}") = "BoboTech.EncyclopaediaMetallumApiProxy", "BoboTech.EncyclopaediaMetallumApiProxy\BoboTech.EncyclopaediaMetallumApiProxy.csproj", "{84489C71-9672-4CA2-9664-67F0A190EC5E}"
EndProject
Global
	GlobalSection(SolutionConfigurationPlatforms) = preSolution
		Debug|Any CPU = Debug|Any CPU
		Release|Any CPU = Release|Any CPU
	EndGlobalSection
	GlobalSection(ProjectConfigurationPlatforms) = postSolution
		{D33739B7-87D2-4C42-A63A-1F4EB327249D}.Debug|Any CPU.ActiveCfg = Debug|Any CPU
		{D33739B7-87D2-4C42-A63A-1F4EB327249D}.Debug|Any CPU.Build.0 = Debug|Any CPU
		{D33739B7-87D2-4C42-A63A-1F4EB327249D}.Release|Any CPU.ActiveCfg = Release|Any CPU
		{D33739B7-87D2-4C42-A63A-1F4EB327249D}.Release|Any CPU.Build.0 = Release|Any CPU
		{0696B19F-C190-4666-9040-2F27938FC177}.Debug|Any CPU.ActiveCfg = Debug|Any CPU
		{0696B19F-C190-4666-9040-2F27938FC177}.Debug|Any CPU.Build.0 = Debug|Any CPU
		{0696B19F-C190-4666-9040-2F27938FC177}.Release|Any CPU.ActiveCfg = Release|Any CPU
		{0696B19F-C190-4666-9040-2F27938FC177}.Release|Any CPU.Build.0 = Release|Any CPU
		{759A2F37-0992-4FC6-B0E0-3F2250133B7C}.Debug|Any CPU.ActiveCfg = Debug|Any CPU
		{759A2F37-0992-4FC6-B0E0-3F2250133B7C}.Debug|Any CPU.Build.0 = Debug|Any CPU
		{759A2F37-0992-4FC6-B0E0-3F2250133B7C}.Release|Any CPU.ActiveCfg = Release|Any CPU
		{759A2F37-0992-4FC6-B0E0-3F2250133B7C}.Release|Any CPU.Build.0 = Release|Any CPU
		{A199E84A-FAFB-4282-A5BA-0701A974334A}.Debug|Any CPU.ActiveCfg = Debug|Any CPU
		{A199E84A-FAFB-4282-A5BA-0701A974334A}.Debug|Any CPU.Build.0 = Debug|Any CPU
		{A199E84A-FAFB-4282-A5BA-0701A974334A}.Release|Any CPU.ActiveCfg = Release|Any CPU
		{A199E84A-FAFB-4282-A5BA-0701A974334A}.Release|Any CPU.Build.0 = Release|Any CPU
		{84489C71-9672-4CA2-9664-67F0A190EC5E}.Debug|Any CPU.ActiveCfg = Debug|Any CPU
		{84489C71-9672-4CA2-9664-67F0A190EC5E}.Debug|Any CPU.Build.0 = Debug|Any CPU
		{84489C71-9672-4CA2-9664-67F0A190EC5E}.Release|Any CPU.ActiveCfg = Release|Any CPU
		{84489C71-9672-4CA2-9664-67F0A190EC5E}.Release|Any CPU.Build.0 = Release|Any CPU
	EndGlobalSection
	GlobalSection(SolutionProperties) = preSolution
		HideSolutionNode = FALSE
	EndGlobalSection
	GlobalSection(ExtensibilityGlobals) = postSolution
		SolutionGuid = {4A9479F0-4320-4AE9-A289-B4379AE09649}
	EndGlobalSection
EndGlobal
